
Microsoft Visual Studio Solution File, Format Version 12.00
# Visual Studio Version 16
VisualStudioVersion = 16.0.29709.97
MinimumVisualStudioVersion = 10.0.40219.1
Project("{FAE04EC0-301F-11D3-BF4B-00C04F79EFBC}") = "LINQPractise", "LINQPractise.csproj", "{7D99CEB4-71DF-491A-A920-70E744BDC0A1}"
EndProject
Project("{9A19103F-16F7-4668-BE54-9A1E7A4F7556}") = "TestDataGeneratorLibrary", "..\TestDataGenerator\TestDataGeneratorLibrary\TestDataGeneratorLibrary.csproj", "{299A2DC5-4A16-4955-84D1-7BBD0A00641D}"
EndProject
Global
	GlobalSection(SolutionConfigurationPlatforms) = preSolution
		Debug|Any CPU = Debug|Any CPU
		Release|Any CPU = Release|Any CPU
	EndGlobalSection
	GlobalSection(ProjectConfigurationPlatforms) = postSolution
		{7D99CEB4-71DF-491A-A920-70E744BDC0A1}.Debug|Any CPU.ActiveCfg = Debug|Any CPU
		{7D99CEB4-71DF-491A-A920-70E744BDC0A1}.Debug|Any CPU.Build.0 = Debug|Any CPU
		{7D99CEB4-71DF-491A-A920-70E744BDC0A1}.Release|Any CPU.ActiveCfg = Release|Any CPU
		{7D99CEB4-71DF-491A-A920-70E744BDC0A1}.Release|Any CPU.Build.0 = Release|Any CPU
		{299A2DC5-4A16-4955-84D1-7BBD0A00641D}.Debug|Any CPU.ActiveCfg = Debug|Any CPU
		{299A2DC5-4A16-4955-84D1-7BBD0A00641D}.Debug|Any CPU.Build.0 = Debug|Any CPU
		{299A2DC5-4A16-4955-84D1-7BBD0A00641D}.Release|Any CPU.ActiveCfg = Release|Any CPU
		{299A2DC5-4A16-4955-84D1-7BBD0A00641D}.Release|Any CPU.Build.0 = Release|Any CPU
	EndGlobalSection
	GlobalSection(SolutionProperties) = preSolution
		HideSolutionNode = FALSE
	EndGlobalSection
	GlobalSection(ExtensibilityGlobals) = postSolution
		SolutionGuid = {63945C0D-E44B-4E4B-803E-17872A1809B9}
	EndGlobalSection
EndGlobal
